<?xml version="1.0" encoding="utf-8"?>
<Project ToolsVersion="16.0" xmlns="http://schemas.microsoft.com/developer/msbuild/2003">
  <ItemGroup>
    <CustomBuild Include="D:\GitHub\brawlstars\Brawlstars\win32-build\CMakeFiles\6ff20e332f336bab278e6160326ee87d\generate.stamp.rule">
      <Filter>CMake Rules</Filter>
    </CustomBuild>
  </ItemGroup>
  <ItemGroup>
    <Filter Include="CMake Rules">
      <UniqueIdentifier>{6E289F2A-2101-335E-80E3-DBCD8602EE99}</UniqueIdentifier>
    </Filter>
  </ItemGroup>
</Project>
